
Microsoft Visual Studio Solution File, Format Version 12.00
# Visual Studio Version 16
VisualStudioVersion = 16.0.30907.101
MinimumVisualStudioVersion = 10.0.40219.1
Project("{FAE04EC0-301F-11D3-BF4B-00C04F79EFBC}") = "FFMPEG video downscaler ui", "FFMPEG video downscaler ui.csproj", "{ECBD1809-7303-4194-B8A2-3068FA23DC44}"
EndProject
Global
	GlobalSection(SolutionConfigurationPlatforms) = preSolution
		Debug|Any CPU = Debug|Any CPU
		Release|Any CPU = Release|Any CPU
	EndGlobalSection
	GlobalSection(ProjectConfigurationPlatforms) = postSolution
		{ECBD1809-7303-4194-B8A2-3068FA23DC44}.Debug|Any CPU.ActiveCfg = Release|Any CPU
		{ECBD1809-7303-4194-B8A2-3068FA23DC44}.Debug|Any CPU.Build.0 = Release|Any CPU
		{ECBD1809-7303-4194-B8A2-3068FA23DC44}.Release|Any CPU.ActiveCfg = Release|Any CPU
		{ECBD1809-7303-4194-B8A2-3068FA23DC44}.Release|Any CPU.Build.0 = Release|Any CPU
	EndGlobalSection
	GlobalSection(SolutionProperties) = preSolution
		HideSolutionNode = FALSE
	EndGlobalSection
	GlobalSection(ExtensibilityGlobals) = postSolution
		SolutionGuid = {5883E73B-AD29-4838-8218-E4DBE269334D}
	EndGlobalSection
EndGlobal
